
Microsoft Visual Studio Solution File, Format Version 12.00
# Visual Studio Version 16
VisualStudioVersion = 16.0.31624.102
MinimumVisualStudioVersion = 10.0.40219.1
Project("{FAE04EC0-301F-11D3-BF4B-00C04F79EFBC}") = "Lab2_PavA_IKT", "Lab2_PavA_IKT.csproj", "{B0C87C52-9337-4267-99B2-B0D5AAE6B6B2}"
EndProject
Global
	GlobalSection(SolutionConfigurationPlatforms) = preSolution
		Debug|Any CPU = Debug|Any CPU
		Release|Any CPU = Release|Any CPU
	EndGlobalSection
	GlobalSection(ProjectConfigurationPlatforms) = postSolution
		{B0C87C52-9337-4267-99B2-B0D5AAE6B6B2}.Debug|Any CPU.ActiveCfg = Debug|Any CPU
		{B0C87C52-9337-4267-99B2-B0D5AAE6B6B2}.Debug|Any CPU.Build.0 = Debug|Any CPU
		{B0C87C52-9337-4267-99B2-B0D5AAE6B6B2}.Release|Any CPU.ActiveCfg = Release|Any CPU
		{B0C87C52-9337-4267-99B2-B0D5AAE6B6B2}.Release|Any CPU.Build.0 = Release|Any CPU
	EndGlobalSection
	GlobalSection(SolutionProperties) = preSolution
		HideSolutionNode = FALSE
	EndGlobalSection
	GlobalSection(ExtensibilityGlobals) = postSolution
		SolutionGuid = {8AEB85E3-10E2-43E0-AD02-B8DDF89D66A9}
	EndGlobalSection
EndGlobal
